
Microsoft Visual Studio Solution File, Format Version 12.00
# Visual Studio 15
VisualStudioVersion = 15.0.28307.902
MinimumVisualStudioVersion = 10.0.40219.1
Project("{9A19103F-16F7-4668-BE54-9A1E7A4F7556}") = "Poubub.Core", "Poubub.Core\Poubub.Core.csproj", "{8CAFE5BB-4FC6-485B-B0E8-B60AEA64017B}"
EndProject
Project("{FAE04EC0-301F-11D3-BF4B-00C04F79EFBC}") = "Poubub.App", "Poubub.App\Poubub.App.csproj", "{A81DACC2-480D-48B0-8C25-8C1CA995D28E}"
EndProject
Project("{FAE04EC0-301F-11D3-BF4B-00C04F79EFBC}") = "Poubub.Forms", "Poubub.Forms\Poubub.Forms.csproj", "{255562B2-2B27-474F-91E0-C54A95B8068C}"
EndProject
Project("{FAE04EC0-301F-11D3-BF4B-00C04F79EFBC}") = "Poubub.HumanInterface", "Poubub.HumanInterface\Poubub.HumanInterface.csproj", "{602D7EDE-1CED-4B17-8267-046E2E47C55C}"
EndProject
Global
	GlobalSection(SolutionConfigurationPlatforms) = preSolution
		Debug|Any CPU = Debug|Any CPU
		Release|Any CPU = Release|Any CPU
	EndGlobalSection
	GlobalSection(ProjectConfigurationPlatforms) = postSolution
		{8CAFE5BB-4FC6-485B-B0E8-B60AEA64017B}.Debug|Any CPU.ActiveCfg = Debug|Any CPU
		{8CAFE5BB-4FC6-485B-B0E8-B60AEA64017B}.Debug|Any CPU.Build.0 = Debug|Any CPU
		{8CAFE5BB-4FC6-485B-B0E8-B60AEA64017B}.Release|Any CPU.ActiveCfg = Release|Any CPU
		{8CAFE5BB-4FC6-485B-B0E8-B60AEA64017B}.Release|Any CPU.Build.0 = Release|Any CPU
		{A81DACC2-480D-48B0-8C25-8C1CA995D28E}.Debug|Any CPU.ActiveCfg = Debug|Any CPU
		{A81DACC2-480D-48B0-8C25-8C1CA995D28E}.Debug|Any CPU.Build.0 = Debug|Any CPU
		{A81DACC2-480D-48B0-8C25-8C1CA995D28E}.Release|Any CPU.ActiveCfg = Release|Any CPU
		{A81DACC2-480D-48B0-8C25-8C1CA995D28E}.Release|Any CPU.Build.0 = Release|Any CPU
		{255562B2-2B27-474F-91E0-C54A95B8068C}.Debug|Any CPU.ActiveCfg = Debug|Any CPU
		{255562B2-2B27-474F-91E0-C54A95B8068C}.Debug|Any CPU.Build.0 = Debug|Any CPU
		{255562B2-2B27-474F-91E0-C54A95B8068C}.Release|Any CPU.ActiveCfg = Release|Any CPU
		{255562B2-2B27-474F-91E0-C54A95B8068C}.Release|Any CPU.Build.0 = Release|Any CPU
		{602D7EDE-1CED-4B17-8267-046E2E47C55C}.Debug|Any CPU.ActiveCfg = Debug|Any CPU
		{602D7EDE-1CED-4B17-8267-046E2E47C55C}.Debug|Any CPU.Build.0 = Debug|Any CPU
		{602D7EDE-1CED-4B17-8267-046E2E47C55C}.Release|Any CPU.ActiveCfg = Release|Any CPU
		{602D7EDE-1CED-4B17-8267-046E2E47C55C}.Release|Any CPU.Build.0 = Release|Any CPU
	EndGlobalSection
	GlobalSection(SolutionProperties) = preSolution
		HideSolutionNode = FALSE
	EndGlobalSection
	GlobalSection(ExtensibilityGlobals) = postSolution
		SolutionGuid = {76E76D52-1A4D-49C3-BEB0-EF57923CFD3B}
	EndGlobalSection
EndGlobal
